
Microsoft Visual Studio Solution File, Format Version 12.00
# Visual Studio Version 16
VisualStudioVersion = 16.0.29613.14
MinimumVisualStudioVersion = 10.0.40219.1
Project("{FAE04EC0-301F-11D3-BF4B-00C04F79EFBC}") = "ValuesAddByVue", "ValuesAddByVue\ValuesAddByVue.csproj", "{47E4FC8D-3D76-4173-A3DB-CBF546B28CEB}"
EndProject
Global
	GlobalSection(SolutionConfigurationPlatforms) = preSolution
		Debug|Any CPU = Debug|Any CPU
		Release|Any CPU = Release|Any CPU
	EndGlobalSection
	GlobalSection(ProjectConfigurationPlatforms) = postSolution
		{47E4FC8D-3D76-4173-A3DB-CBF546B28CEB}.Debug|Any CPU.ActiveCfg = Debug|Any CPU
		{47E4FC8D-3D76-4173-A3DB-CBF546B28CEB}.Debug|Any CPU.Build.0 = Debug|Any CPU
		{47E4FC8D-3D76-4173-A3DB-CBF546B28CEB}.Release|Any CPU.ActiveCfg = Release|Any CPU
		{47E4FC8D-3D76-4173-A3DB-CBF546B28CEB}.Release|Any CPU.Build.0 = Release|Any CPU
	EndGlobalSection
	GlobalSection(SolutionProperties) = preSolution
		HideSolutionNode = FALSE
	EndGlobalSection
	GlobalSection(ExtensibilityGlobals) = postSolution
		SolutionGuid = {BF6CAD65-2471-4AD8-9D7A-1C8C96B1F7FF}
	EndGlobalSection
EndGlobal
