
Microsoft Visual Studio Solution File, Format Version 12.00
# Visual Studio Version 16
VisualStudioVersion = 16.0.29613.14
MinimumVisualStudioVersion = 10.0.40219.1
Project("{FAE04EC0-301F-11D3-BF4B-00C04F79EFBC}") = "BlazorJSInterop", "BlazorJSInterop\BlazorJSInterop.csproj", "{43263406-C4CF-45D4-AA65-504C3F65F455}"
EndProject
Global
	GlobalSection(SolutionConfigurationPlatforms) = preSolution
		Debug|Any CPU = Debug|Any CPU
		Release|Any CPU = Release|Any CPU
	EndGlobalSection
	GlobalSection(ProjectConfigurationPlatforms) = postSolution
		{43263406-C4CF-45D4-AA65-504C3F65F455}.Debug|Any CPU.ActiveCfg = Debug|Any CPU
		{43263406-C4CF-45D4-AA65-504C3F65F455}.Debug|Any CPU.Build.0 = Debug|Any CPU
		{43263406-C4CF-45D4-AA65-504C3F65F455}.Release|Any CPU.ActiveCfg = Release|Any CPU
		{43263406-C4CF-45D4-AA65-504C3F65F455}.Release|Any CPU.Build.0 = Release|Any CPU
	EndGlobalSection
	GlobalSection(SolutionProperties) = preSolution
		HideSolutionNode = FALSE
	EndGlobalSection
	GlobalSection(ExtensibilityGlobals) = postSolution
		SolutionGuid = {2980E718-5505-4B05-8A70-D0470FF8D5D5}
	EndGlobalSection
EndGlobal
