
Microsoft Visual Studio Solution File, Format Version 12.00
# Visual Studio Version 16
VisualStudioVersion = 16.0.29613.14
MinimumVisualStudioVersion = 10.0.40219.1
Project("{FAE04EC0-301F-11D3-BF4B-00C04F79EFBC}") = "BlazorRCL", "BlazorRCL\BlazorRCL.csproj", "{43C9657E-3BFC-4355-A9A6-10E1E484101C}"
EndProject
Project("{FAE04EC0-301F-11D3-BF4B-00C04F79EFBC}") = "MyClassLibrary", "MyClassLibrary\MyClassLibrary.csproj", "{A13F9BC6-047E-4399-A9F7-C473F4648F75}"
EndProject
Global
	GlobalSection(SolutionConfigurationPlatforms) = preSolution
		Debug|Any CPU = Debug|Any CPU
		Release|Any CPU = Release|Any CPU
	EndGlobalSection
	GlobalSection(ProjectConfigurationPlatforms) = postSolution
		{43C9657E-3BFC-4355-A9A6-10E1E484101C}.Debug|Any CPU.ActiveCfg = Debug|Any CPU
		{43C9657E-3BFC-4355-A9A6-10E1E484101C}.Debug|Any CPU.Build.0 = Debug|Any CPU
		{43C9657E-3BFC-4355-A9A6-10E1E484101C}.Release|Any CPU.ActiveCfg = Release|Any CPU
		{43C9657E-3BFC-4355-A9A6-10E1E484101C}.Release|Any CPU.Build.0 = Release|Any CPU
		{A13F9BC6-047E-4399-A9F7-C473F4648F75}.Debug|Any CPU.ActiveCfg = Debug|Any CPU
		{A13F9BC6-047E-4399-A9F7-C473F4648F75}.Debug|Any CPU.Build.0 = Debug|Any CPU
		{A13F9BC6-047E-4399-A9F7-C473F4648F75}.Release|Any CPU.ActiveCfg = Release|Any CPU
		{A13F9BC6-047E-4399-A9F7-C473F4648F75}.Release|Any CPU.Build.0 = Release|Any CPU
	EndGlobalSection
	GlobalSection(SolutionProperties) = preSolution
		HideSolutionNode = FALSE
	EndGlobalSection
	GlobalSection(ExtensibilityGlobals) = postSolution
		SolutionGuid = {4BFA0D03-FC14-485A-A677-261DD29BD5CE}
	EndGlobalSection
EndGlobal
